
Microsoft Visual Studio Solution File, Format Version 12.00
# Visual Studio Version 16
VisualStudioVersion = 16.0.29306.81
MinimumVisualStudioVersion = 10.0.40219.1
Project("{FAE04EC0-301F-11D3-BF4B-00C04F79EFBC}") = "SimpleStringCalculator", "SimpleStringCalculator\SimpleStringCalculator.csproj", "{ABB18AA5-36C6-4670-8A41-37DD91B0A58B}"
EndProject
Project("{FAE04EC0-301F-11D3-BF4B-00C04F79EFBC}") = "StringCalculatorLib", "StringCalculator\StringCalculatorLib.csproj", "{2FBBB880-C9DC-4D0C-BDC3-FB8BFA5F6CBC}"
EndProject
Project("{FAE04EC0-301F-11D3-BF4B-00C04F79EFBC}") = "StringCalculatorLib.Tests", "StringCalculatorLib.Tests\StringCalculatorLib.Tests.csproj", "{5B530C34-E1AC-49C0-B01C-7FBB80D3D381}"
EndProject
Global
	GlobalSection(SolutionConfigurationPlatforms) = preSolution
		Debug|Any CPU = Debug|Any CPU
		Release|Any CPU = Release|Any CPU
	EndGlobalSection
	GlobalSection(ProjectConfigurationPlatforms) = postSolution
		{ABB18AA5-36C6-4670-8A41-37DD91B0A58B}.Debug|Any CPU.ActiveCfg = Debug|Any CPU
		{ABB18AA5-36C6-4670-8A41-37DD91B0A58B}.Debug|Any CPU.Build.0 = Debug|Any CPU
		{ABB18AA5-36C6-4670-8A41-37DD91B0A58B}.Release|Any CPU.ActiveCfg = Release|Any CPU
		{ABB18AA5-36C6-4670-8A41-37DD91B0A58B}.Release|Any CPU.Build.0 = Release|Any CPU
		{2FBBB880-C9DC-4D0C-BDC3-FB8BFA5F6CBC}.Debug|Any CPU.ActiveCfg = Debug|Any CPU
		{2FBBB880-C9DC-4D0C-BDC3-FB8BFA5F6CBC}.Debug|Any CPU.Build.0 = Debug|Any CPU
		{2FBBB880-C9DC-4D0C-BDC3-FB8BFA5F6CBC}.Release|Any CPU.ActiveCfg = Release|Any CPU
		{2FBBB880-C9DC-4D0C-BDC3-FB8BFA5F6CBC}.Release|Any CPU.Build.0 = Release|Any CPU
		{5B530C34-E1AC-49C0-B01C-7FBB80D3D381}.Debug|Any CPU.ActiveCfg = Debug|Any CPU
		{5B530C34-E1AC-49C0-B01C-7FBB80D3D381}.Debug|Any CPU.Build.0 = Debug|Any CPU
		{5B530C34-E1AC-49C0-B01C-7FBB80D3D381}.Release|Any CPU.ActiveCfg = Release|Any CPU
		{5B530C34-E1AC-49C0-B01C-7FBB80D3D381}.Release|Any CPU.Build.0 = Release|Any CPU
	EndGlobalSection
	GlobalSection(SolutionProperties) = preSolution
		HideSolutionNode = FALSE
	EndGlobalSection
	GlobalSection(ExtensibilityGlobals) = postSolution
		SolutionGuid = {686BF4F7-E174-493A-B157-D26A02B59879}
	EndGlobalSection
EndGlobal
